
Microsoft Visual Studio Solution File, Format Version 12.00
# Visual Studio Version 16
VisualStudioVersion = 16.0.30011.22
MinimumVisualStudioVersion = 10.0.40219.1
Project("{FAE04EC0-301F-11D3-BF4B-00C04F79EFBC}") = "cwbProva2", "cwbProva2\cwbProva2.csproj", "{954E97D1-1D20-4C35-951C-8C16A6FC8DBC}"
EndProject
Global
	GlobalSection(SolutionConfigurationPlatforms) = preSolution
		Debug|Any CPU = Debug|Any CPU
		Release|Any CPU = Release|Any CPU
	EndGlobalSection
	GlobalSection(ProjectConfigurationPlatforms) = postSolution
		{954E97D1-1D20-4C35-951C-8C16A6FC8DBC}.Debug|Any CPU.ActiveCfg = Debug|Any CPU
		{954E97D1-1D20-4C35-951C-8C16A6FC8DBC}.Debug|Any CPU.Build.0 = Debug|Any CPU
		{954E97D1-1D20-4C35-951C-8C16A6FC8DBC}.Release|Any CPU.ActiveCfg = Release|Any CPU
		{954E97D1-1D20-4C35-951C-8C16A6FC8DBC}.Release|Any CPU.Build.0 = Release|Any CPU
	EndGlobalSection
	GlobalSection(SolutionProperties) = preSolution
		HideSolutionNode = FALSE
	EndGlobalSection
	GlobalSection(ExtensibilityGlobals) = postSolution
		SolutionGuid = {72081AE3-5859-4831-A47D-4C205BBCB39F}
	EndGlobalSection
EndGlobal
