
Microsoft Visual Studio Solution File, Format Version 12.00
# Visual Studio Version 16
VisualStudioVersion = 16.0.30011.22
MinimumVisualStudioVersion = 10.0.40219.1
Project("{FAE04EC0-301F-11D3-BF4B-00C04F79EFBC}") = "cwbProva3", "cwbProva3\cwbProva3.csproj", "{D076E3CF-530F-48A0-AA2C-9B66442BA520}"
EndProject
Global
	GlobalSection(SolutionConfigurationPlatforms) = preSolution
		Debug|Any CPU = Debug|Any CPU
		Release|Any CPU = Release|Any CPU
	EndGlobalSection
	GlobalSection(ProjectConfigurationPlatforms) = postSolution
		{D076E3CF-530F-48A0-AA2C-9B66442BA520}.Debug|Any CPU.ActiveCfg = Debug|Any CPU
		{D076E3CF-530F-48A0-AA2C-9B66442BA520}.Debug|Any CPU.Build.0 = Debug|Any CPU
		{D076E3CF-530F-48A0-AA2C-9B66442BA520}.Release|Any CPU.ActiveCfg = Release|Any CPU
		{D076E3CF-530F-48A0-AA2C-9B66442BA520}.Release|Any CPU.Build.0 = Release|Any CPU
	EndGlobalSection
	GlobalSection(SolutionProperties) = preSolution
		HideSolutionNode = FALSE
	EndGlobalSection
	GlobalSection(ExtensibilityGlobals) = postSolution
		SolutionGuid = {3294AD54-530D-4ABF-B5FA-664AD0D80B7F}
	EndGlobalSection
EndGlobal
